
Microsoft Visual Studio Solution File, Format Version 12.00
# Visual Studio 15
VisualStudioVersion = 15.0.28307.438
MinimumVisualStudioVersion = 10.0.40219.1
Project("{FAE04EC0-301F-11D3-BF4B-00C04F79EFBC}") = "Bio2", "Bio2\Bio2.csproj", "{D866EA71-F230-499E-BC94-7EFA8C05EAC5}"
EndProject
Project("{2150E333-8FDC-42A3-9474-1A3956D46DE8}") = "Solution Items", "Solution Items", "{01C1EB0C-5686-44B1-9AC0-83A19120BA64}"
EndProject
Global
	GlobalSection(SolutionConfigurationPlatforms) = preSolution
		Debug|Any CPU = Debug|Any CPU
		Release|Any CPU = Release|Any CPU
	EndGlobalSection
	GlobalSection(ProjectConfigurationPlatforms) = postSolution
		{D866EA71-F230-499E-BC94-7EFA8C05EAC5}.Debug|Any CPU.ActiveCfg = Debug|Any CPU
		{D866EA71-F230-499E-BC94-7EFA8C05EAC5}.Debug|Any CPU.Build.0 = Debug|Any CPU
		{D866EA71-F230-499E-BC94-7EFA8C05EAC5}.Release|Any CPU.ActiveCfg = Release|Any CPU
		{D866EA71-F230-499E-BC94-7EFA8C05EAC5}.Release|Any CPU.Build.0 = Release|Any CPU
	EndGlobalSection
	GlobalSection(SolutionProperties) = preSolution
		HideSolutionNode = FALSE
	EndGlobalSection
	GlobalSection(ExtensibilityGlobals) = postSolution
		SolutionGuid = {734099DE-CA5E-42F7-89AD-9AD62BDA0AF9}
	EndGlobalSection
EndGlobal
