
Microsoft Visual Studio Solution File, Format Version 12.00
# Visual Studio 15
VisualStudioVersion = 15.0.28307.757
MinimumVisualStudioVersion = 10.0.40219.1
Project("{FAE04EC0-301F-11D3-BF4B-00C04F79EFBC}") = "Prototype 2", "Prototype 2\Prototype 2.csproj", "{AF710B50-6CB3-4B0A-BF70-758BD1BB12C1}"
EndProject
Project("{2150E333-8FDC-42A3-9474-1A3956D46DE8}") = "Solution Items", "Solution Items", "{73262F0F-D89F-44EF-9A3E-A3AA29D3ED0A}"
	ProjectSection(SolutionItems) = preProject
		Prototype 2\dna-163466_960_720.jpg = Prototype 2\dna-163466_960_720.jpg
	EndProjectSection
EndProject
Global
	GlobalSection(SolutionConfigurationPlatforms) = preSolution
		Debug|Any CPU = Debug|Any CPU
		Release|Any CPU = Release|Any CPU
	EndGlobalSection
	GlobalSection(ProjectConfigurationPlatforms) = postSolution
		{AF710B50-6CB3-4B0A-BF70-758BD1BB12C1}.Debug|Any CPU.ActiveCfg = Debug|Any CPU
		{AF710B50-6CB3-4B0A-BF70-758BD1BB12C1}.Debug|Any CPU.Build.0 = Debug|Any CPU
		{AF710B50-6CB3-4B0A-BF70-758BD1BB12C1}.Release|Any CPU.ActiveCfg = Release|Any CPU
		{AF710B50-6CB3-4B0A-BF70-758BD1BB12C1}.Release|Any CPU.Build.0 = Release|Any CPU
	EndGlobalSection
	GlobalSection(SolutionProperties) = preSolution
		HideSolutionNode = FALSE
	EndGlobalSection
	GlobalSection(ExtensibilityGlobals) = postSolution
		SolutionGuid = {96CF8D2D-09C6-453A-B15F-9152CB49F969}
	EndGlobalSection
EndGlobal
