
Microsoft Visual Studio Solution File, Format Version 12.00
# Visual Studio 15
VisualStudioVersion = 15.0.28307.852
MinimumVisualStudioVersion = 10.0.40219.1
Project("{FAE04EC0-301F-11D3-BF4B-00C04F79EFBC}") = "WebApplication2", "WebApplication2\WebApplication2.csproj", "{79D51F3B-862A-4E51-9250-D69CACCCE3B2}"
EndProject
Global
	GlobalSection(SolutionConfigurationPlatforms) = preSolution
		Debug|Any CPU = Debug|Any CPU
		Release|Any CPU = Release|Any CPU
	EndGlobalSection
	GlobalSection(ProjectConfigurationPlatforms) = postSolution
		{79D51F3B-862A-4E51-9250-D69CACCCE3B2}.Debug|Any CPU.ActiveCfg = Debug|Any CPU
		{79D51F3B-862A-4E51-9250-D69CACCCE3B2}.Debug|Any CPU.Build.0 = Debug|Any CPU
		{79D51F3B-862A-4E51-9250-D69CACCCE3B2}.Release|Any CPU.ActiveCfg = Release|Any CPU
		{79D51F3B-862A-4E51-9250-D69CACCCE3B2}.Release|Any CPU.Build.0 = Release|Any CPU
	EndGlobalSection
	GlobalSection(SolutionProperties) = preSolution
		HideSolutionNode = FALSE
	EndGlobalSection
	GlobalSection(ExtensibilityGlobals) = postSolution
		SolutionGuid = {B6B2C54F-3DE0-4E36-8BAB-5D5594235B0D}
	EndGlobalSection
EndGlobal
